
Microsoft Visual Studio Solution File, Format Version 12.00
# Visual Studio Version 17
VisualStudioVersion = 17.5.002.0
MinimumVisualStudioVersion = 10.0.40219.1
Project("{9A19103F-16F7-4668-BE54-9A1E7A4F7556}") = "HNG-backend-stage-one", "HNG-backend-stage-one.csproj", "{066E6E73-2B44-41F2-B3F5-3D6A087EB55A}"
EndProject
Global
	GlobalSection(SolutionConfigurationPlatforms) = preSolution
		Debug|Any CPU = Debug|Any CPU
		Release|Any CPU = Release|Any CPU
	EndGlobalSection
	GlobalSection(ProjectConfigurationPlatforms) = postSolution
		{066E6E73-2B44-41F2-B3F5-3D6A087EB55A}.Debug|Any CPU.ActiveCfg = Debug|Any CPU
		{066E6E73-2B44-41F2-B3F5-3D6A087EB55A}.Debug|Any CPU.Build.0 = Debug|Any CPU
		{066E6E73-2B44-41F2-B3F5-3D6A087EB55A}.Release|Any CPU.ActiveCfg = Release|Any CPU
		{066E6E73-2B44-41F2-B3F5-3D6A087EB55A}.Release|Any CPU.Build.0 = Release|Any CPU
	EndGlobalSection
	GlobalSection(SolutionProperties) = preSolution
		HideSolutionNode = FALSE
	EndGlobalSection
	GlobalSection(ExtensibilityGlobals) = postSolution
		SolutionGuid = {4E24901F-5AAD-4430-B9FA-9434B2C4C6EA}
	EndGlobalSection
EndGlobal
